Microsoft Visual Studio Solution File, Format Version 12.00
# Visual Studio 2012
Project("{FAE04EC0-301F-11D3-BF4B-00C04F79EFBC}") = "Hemp Adventures", "Hemp Adventures.csproj", "{CE310167-9BED-4BD9-826D-F99A1780836C}"
EndProject
Global
	GlobalSection(SolutionConfigurationPlatforms) = preSolution
	Debug|Any CPU = Debug|Any CPU
	ExportDebug|Any CPU = ExportDebug|Any CPU
	ExportRelease|Any CPU = ExportRelease|Any CPU
	EndGlobalSection
	GlobalSection(ProjectConfigurationPlatforms) = postSolution
		{CE310167-9BED-4BD9-826D-F99A1780836C}.Debug|Any CPU.ActiveCfg = Debug|Any CPU
		{CE310167-9BED-4BD9-826D-F99A1780836C}.Debug|Any CPU.Build.0 = Debug|Any CPU
		{CE310167-9BED-4BD9-826D-F99A1780836C}.ExportDebug|Any CPU.ActiveCfg = ExportDebug|Any CPU
		{CE310167-9BED-4BD9-826D-F99A1780836C}.ExportDebug|Any CPU.Build.0 = ExportDebug|Any CPU
		{CE310167-9BED-4BD9-826D-F99A1780836C}.ExportRelease|Any CPU.ActiveCfg = ExportRelease|Any CPU
		{CE310167-9BED-4BD9-826D-F99A1780836C}.ExportRelease|Any CPU.Build.0 = ExportRelease|Any CPU
	EndGlobalSection
EndGlobal
